// !$*UTF8*$!
{
	archiveVersion = 1;
	classes = {
	};
	objectVersion = 56;
	objects = {

/* Begin PBXBuildFile section */
		BFE3555C293F565600B718D0 /* GetYourCupCakeApp.swift in Sources */ = {isa = PBXBuildFile; fileRef = BFE3555B293F565600B718D0 /* GetYourCupCakeApp.swift */; };
		BFE3555E293F565600B718D0 /* ContentView.swift in Sources */ = {isa = PBXBuildFile; fileRef = BFE3555D293F565600B718D0 /* ContentView.swift */; };
		BFE35560293F565800B718D0 /* Assets.xcassets in Resources */ = {isa = PBXBuildFile; fileRef = BFE3555F293F565800B718D0 /* Assets.xcassets */; };
		BFE35563293F565800B718D0 /* Preview Assets.xcassets in Resources */ = {isa = PBXBuildFile; fileRef = BFE35562293F565800B718D0 /* Preview Assets.xcassets */; };
		BFE35565293F565800B718D0 /* Persistence.swift in Sources */ = {isa = PBXBuildFile; fileRef = BFE35564293F565800B718D0 /* Persistence.swift */; };
		BFE35568293F565800B718D0 /* GetYourCupCake.xcdatamodeld in Sources */ = {isa = PBXBuildFile; fileRef = BFE35566293F565800B718D0 /* GetYourCupCake.xcdatamodeld */; };
		BFE3557029406F4700B718D0 /* Order.swift in Sources */ = {isa = PBXBuildFile; fileRef = BFE3556F29406F4700B718D0 /* Order.swift */; };
		BFE3557229406F6700B718D0 /* CupCakeView.swift in Sources */ = {isa = PBXBuildFile; fileRef = BFE3557129406F6700B718D0 /* CupCakeView.swift */; };
		BFE355742940744900B718D0 /* AddressView.swift in Sources */ = {isa = PBXBuildFile; fileRef = BFE355732940744900B718D0 /* AddressView.swift */; };
		BFE3557629407F8800B718D0 /* CheckoutView.swift in Sources */ = {isa = PBXBuildFile; fileRef = BFE3557529407F8800B718D0 /* CheckoutView.swift */; };
/* End PBXBuildFile section */

/* Begin PBXFileReference section */
		BFE35558293F565600B718D0 /* GetYourCupCake.app */ = {isa = PBXFileReference; explicitFileType = wrapper.application; includeInIndex = 0; path = GetYourCupCake.app; sourceTree = BUILT_PRODUCTS_DIR; };
		BFE3555B293F565600B718D0 /* GetYourCupCakeApp.swift */ = {isa = PBXFileReference; lastKnownFileType = sourcecode.swift; path = GetYourCupCakeApp.swift; sourceTree = "<group>"; };
		BFE3555D293F565600B718D0 /* ContentView.swift */ = {isa = PBXFileReference; lastKnownFileType = sourcecode.swift; path = ContentView.swift; sourceTree = "<group>"; };
		BFE3555F293F565800B718D0 /* Assets.xcassets */ = {isa = PBXFileReference; lastKnownFileType = folder.assetcatalog; path = Assets.xcassets; sourceTree = "<group>"; };
		BFE35562293F565800B718D0 /* Preview Assets.xcassets */ = {isa = PBXFileReference; lastKnownFileType = folder.assetcatalog; path = "Preview Assets.xcassets"; sourceTree = "<group>"; };
		BFE35564293F565800B718D0 /* Persistence.swift */ = {isa = PBXFileReference; lastKnownFileType = sourcecode.swift; path = Persistence.swift; sourceTree = "<group>"; };
		BFE35567293F565800B718D0 /* GetYourCupCake.xcdatamodel */ = {isa = PBXFileReference; lastKnownFileType = wrapper.xcdatamodel; path = GetYourCupCake.xcdatamodel; sourceTree = "<group>"; };
		BFE3556F29406F4700B718D0 /* Order.swift */ = {isa = PBXFileReference; lastKnownFileType = sourcecode.swift; path = Order.swift; sourceTree = "<group>"; };
		BFE3557129406F6700B718D0 /* CupCakeView.swift */ = {isa = PBXFileReference; lastKnownFileType = sourcecode.swift; path = CupCakeView.swift; sourceTree = "<group>"; };
		BFE355732940744900B718D0 /* AddressView.swift */ = {isa = PBXFileReference; lastKnownFileType = sourcecode.swift; path = AddressView.swift; sourceTree = "<group>"; };
		BFE3557529407F8800B718D0 /* CheckoutView.swift */ = {isa = PBXFileReference; lastKnownFileType = sourcecode.swift; path = CheckoutView.swift; sourceTree = "<group>"; };
/* End PBXFileReference section */

/* Begin PBXFrameworksBuildPhase section */
		BFE35555293F565600B718D0 /* Frameworks */ = {
			isa = PBXFrameworksBuildPhase;
			buildActionMask = 2147483647;
			files = (
			);
			runOnlyForDeploymentPostprocessing = 0;
		};
/* End PBXFrameworksBuildPhase section */

/* Begin PBXGroup section */
		BFE3554F293F565600B718D0 = {
			isa = PBXGroup;
			children = (
				BFE3555A293F565600B718D0 /* GetYourCupCake */,
				BFE35559293F565600B718D0 /* Products */,
			);
			sourceTree = "<group>";
		};
		BFE35559293F565600B718D0 /* Products */ = {
			isa = PBXGroup;
			children = (
				BFE35558293F565600B718D0 /* GetYourCupCake.app */,
			);
			name = Products;
			sourceTree = "<group>";
		};
		BFE3555A293F565600B718D0 /* GetYourCupCake */ = {
			isa = PBXGroup;
			children = (
				BFE3556E29406E1B00B718D0 /* Views */,
				BFE3555B293F565600B718D0 /* GetYourCupCakeApp.swift */,
				BFE3555D293F565600B718D0 /* ContentView.swift */,
				BFE3555F293F565800B718D0 /* Assets.xcassets */,
				BFE35564293F565800B718D0 /* Persistence.swift */,
				BFE35566293F565800B718D0 /* GetYourCupCake.xcdatamodeld */,
				BFE35561293F565800B718D0 /* Preview Content */,
				BFE3556F29406F4700B718D0 /* Order.swift */,
			);
			path = GetYourCupCake;
			sourceTree = "<group>";
		};
		BFE35561293F565800B718D0 /* Preview Content */ = {
			isa = PBXGroup;
			children = (
				BFE35562293F565800B718D0 /* Preview Assets.xcassets */,
			);
			path = "Preview Content";
			sourceTree = "<group>";
		};
		BFE3556E29406E1B00B718D0 /* Views */ = {
			isa = PBXGroup;
			children = (
				BFE3557129406F6700B718D0 /* CupCakeView.swift */,
				BFE355732940744900B718D0 /* AddressView.swift */,
				BFE3557529407F8800B718D0 /* CheckoutView.swift */,
			);
			path = Views;
			sourceTree = "<group>";
		};
/* End PBXGroup section */

/* Begin PBXNativeTarget section */
		BFE35557293F565600B718D0 /* GetYourCupCake */ = {
			isa = PBXNativeTarget;
			buildConfigurationList = BFE3556B293F565800B718D0 /* Build configuration list for PBXNativeTarget "GetYourCupCake" */;
			buildPhases = (
				BFE35554293F565600B718D0 /* Sources */,
				BFE35555293F565600B718D0 /* Frameworks */,
				BFE35556293F565600B718D0 /* Resources */,
			);
			buildRules = (
			);
			dependencies = (
			);
			name = GetYourCupCake;
			productName = GetYourCupCake;
			productReference = BFE35558293F565600B718D0 /* GetYourCupCake.app */;
			productType = "com.apple.product-type.application";
		};
/* End PBXNativeTarget section */

/* Begin PBXProject section */
		BFE35550293F565600B718D0 /* Project object */ = {
			isa = PBXProject;
			attributes = {
				BuildIndependentTargetsInParallel = 1;
				LastSwiftUpdateCheck = 1400;
				LastUpgradeCheck = 1400;
				TargetAttributes = {
					BFE35557293F565600B718D0 = {
						CreatedOnToolsVersion = 14.0.1;
					};
				};
			};
			buildConfigurationList = BFE35553293F565600B718D0 /* Build configuration list for PBXProject "GetYourCupCake" */;
			compatibilityVersion = "Xcode 14.0";
			developmentRegion = en;
			hasScannedForEncodings = 0;
			knownRegions = (
				en,
				Base,
			);
			mainGroup = BFE3554F293F565600B718D0;
			productRefGroup = BFE35559293F565600B718D0 /* Products */;
			projectDirPath = "";
			projectRoot = "";
			targets = (
				BFE35557293F565600B718D0 /* GetYourCupCake */,
			);
		};
/* End PBXProject section */

/* Begin PBXResourcesBuildPhase section */
		BFE35556293F565600B718D0 /* Resources */ = {
			isa = PBXResourcesBuildPhase;
			buildActionMask = 2147483647;
			files = (
				BFE35563293F565800B718D0 /* Preview Assets.xcassets in Resources */,
				BFE35560293F565800B718D0 /* Assets.xcassets in Resources */,
			);
			runOnlyForDeploymentPostprocessing = 0;
		};
/* End PBXResourcesBuildPhase section */

/* Begin PBXSourcesBuildPhase section */
		BFE35554293F565600B718D0 /* Sources */ = {
			isa = PBXSourcesBuildPhase;
			buildActionMask = 2147483647;
			files = (
				BFE355742940744900B718D0 /* AddressView.swift in Sources */,
				BFE35565293F565800B718D0 /* Persistence.swift in Sources */,
				BFE3557229406F6700B718D0 /* CupCakeView.swift in Sources */,
				BFE3555E293F565600B718D0 /* ContentView.swift in Sources */,
				BFE3557029406F4700B718D0 /* Order.swift in Sources */,
				BFE35568293F565800B718D0 /* GetYourCupCake.xcdatamodeld in Sources */,
				BFE3557629407F8800B718D0 /* CheckoutView.swift in Sources */,
				BFE3555C293F565600B718D0 /* GetYourCupCakeApp.swift in Sources */,
			);
			runOnlyForDeploymentPostprocessing = 0;
		};
/* End PBXSourcesBuildPhase section */

/* Begin XCBuildConfiguration section */
		BFE35569293F565800B718D0 /* Debug */ = {
			isa = XCBuildConfiguration;
			buildSettings = {
				ALWAYS_SEARCH_USER_PATHS = NO;
				CLANG_ANALYZER_NONNULL = YES;
				CLANG_ANALYZER_NUMBER_OBJECT_CONVERSION = YES_AGGRESSIVE;
				CLANG_CXX_LANGUAGE_STANDARD = "gnu++20";
				CLANG_ENABLE_MODULES = YES;
				CLANG_ENABLE_OBJC_ARC = YES;
				CLANG_ENABLE_OBJC_WEAK = YES;
				CLANG_WARN_BLOCK_CAPTURE_AUTORELEASING = YES;
				CLANG_WARN_BOOL_CONVERSION = YES;
				CLANG_WARN_COMMA = YES;
				CLANG_WARN_CONSTANT_CONVERSION = YES;
				CLANG_WARN_DEPRECATED_OBJC_IMPLEMENTATIONS = YES;
				CLANG_WARN_DIRECT_OBJC_ISA_USAGE = YES_ERROR;
				CLANG_WARN_DOCUMENTATION_COMMENTS = YES;
				CLANG_WARN_EMPTY_BODY = YES;
				CLANG_WARN_ENUM_CONVERSION = YES;
				CLANG_WARN_INFINITE_RECURSION = YES;
				CLANG_WARN_INT_CONVERSION = YES;
				CLANG_WARN_NON_LITERAL_NULL_CONVERSION = YES;
				CLANG_WARN_OBJC_IMPLICIT_RETAIN_SELF = YES;
				CLANG_WARN_OBJC_LITERAL_CONVERSION = YES;
				CLANG_WARN_OBJC_ROOT_CLASS = YES_ERROR;
				CLANG_WARN_QUOTED_INCLUDE_IN_FRAMEWORK_HEADER = YES;
				CLANG_WARN_RANGE_LOOP_ANALYSIS = YES;
				CLANG_WARN_STRICT_PROTOTYPES = YES;
				CLANG_WARN_SUSPICIOUS_MOVE = YES;
				CLANG_WARN_UNGUARDED_AVAILABILITY = YES_AGGRESSIVE;
				CLANG_WARN_UNREACHABLE_CODE = YES;
				CLANG_WARN__DUPLICATE_METHOD_MATCH = YES;
				COPY_PHASE_STRIP = NO;
				DEBUG_INFORMATION_FORMAT = dwarf;
				ENABLE_STRICT_OBJC_MSGSEND = YES;
				ENABLE_TESTABILITY = YES;
				GCC_C_LANGUAGE_STANDARD = gnu11;
				GCC_DYNAMIC_NO_PIC = NO;
				GCC_NO_COMMON_BLOCKS = YES;
				GCC_OPTIMIZATION_LEVEL = 0;
				GCC_PREPROCESSOR_DEFINITIONS = (
					"DEBUG=1",
					"$(inherited)",
				);
				GCC_WARN_64_TO_32_BIT_CONVERSION = YES;
				GCC_WARN_ABOUT_RETURN_TYPE = YES_ERROR;
				GCC_WARN_UNDECLARED_SELECTOR = YES;
				GCC_WARN_UNINITIALIZED_AUTOS = YES_AGGRESSIVE;
				GCC_WARN_UNUSED_FUNCTION = YES;
				GCC_WARN_UNUSED_VARIABLE = YES;
				IPHONEOS_DEPLOYMENT_TARGET = 16.0;
				MTL_ENABLE_DEBUG_INFO = INCLUDE_SOURCE;
				MTL_FAST_MATH = YES;
				ONLY_ACTIVE_ARCH = YES;
				SDKROOT = iphoneos;
				SWIFT_ACTIVE_COMPILATION_CONDITIONS = DEBUG;
				SWIFT_OPTIMIZATION_LEVEL = "-Onone";
			};
			name = Debug;
		};
		BFE3556A293F565800B718D0 /* Release */ = {
			isa = XCBuildConfiguration;
			buildSettings = {
				ALWAYS_SEARCH_USER_PATHS = NO;
				CLANG_ANALYZER_NONNULL = YES;
				CLANG_ANALYZER_NUMBER_OBJECT_CONVERSION = YES_AGGRESSIVE;
				CLANG_CXX_LANGUAGE_STANDARD = "gnu++20";
				CLANG_ENABLE_MODULES = YES;
				CLANG_ENABLE_OBJC_ARC = YES;
				CLANG_ENABLE_OBJC_WEAK = YES;
				CLANG_WARN_BLOCK_CAPTURE_AUTORELEASING = YES;
				CLANG_WARN_BOOL_CONVERSION = YES;
				CLANG_WARN_COMMA = YES;
				CLANG_WARN_CONSTANT_CONVERSION = YES;
				CLANG_WARN_DEPRECATED_OBJC_IMPLEMENTATIONS = YES;
				CLANG_WARN_DIRECT_OBJC_ISA_USAGE = YES_ERROR;
				CLANG_WARN_DOCUMENTATION_COMMENTS = YES;
				CLANG_WARN_EMPTY_BODY = YES;
				CLANG_WARN_ENUM_CONVERSION = YES;
				CLANG_WARN_INFINITE_RECURSION = YES;
				CLANG_WARN_INT_CONVERSION = YES;
				CLANG_WARN_NON_LITERAL_NULL_CONVERSION = YES;
				CLANG_WARN_OBJC_IMPLICIT_RETAIN_SELF = YES;
				CLANG_WARN_OBJC_LITERAL_CONVERSION = YES;
				CLANG_WARN_OBJC_ROOT_CLASS = YES_ERROR;
				CLANG_WARN_QUOTED_INCLUDE_IN_FRAMEWORK_HEADER = YES;
				CLANG_WARN_RANGE_LOOP_ANALYSIS = YES;
				CLANG_WARN_STRICT_PROTOTYPES = YES;
				CLANG_WARN_SUSPICIOUS_MOVE = YES;
				CLANG_WARN_UNGUARDED_AVAILABILITY = YES_AGGRESSIVE;
				CLANG_WARN_UNREACHABLE_CODE = YES;
				CLANG_WARN__DUPLICATE_METHOD_MATCH = YES;
				COPY_PHASE_STRIP = NO;
				DEBUG_INFORMATION_FORMAT = "dwarf-with-dsym";
				ENABLE_NS_ASSERTIONS = NO;
				ENABLE_STRICT_OBJC_MSGSEND = YES;
				GCC_C_LANGUAGE_STANDARD = gnu11;
				GCC_NO_COMMON_BLOCKS = YES;
				GCC_WARN_64_TO_32_BIT_CONVERSION = YES;
				GCC_WARN_ABOUT_RETURN_TYPE = YES_ERROR;
				GCC_WARN_UNDECLARED_SELECTOR = YES;
				GCC_WARN_UNINITIALIZED_AUTOS = YES_AGGRESSIVE;
				GCC_WARN_UNUSED_FUNCTION = YES;
				GCC_WARN_UNUSED_VARIABLE = YES;
				IPHONEOS_DEPLOYMENT_TARGET = 16.0;
				MTL_ENABLE_DEBUG_INFO = NO;
				MTL_FAST_MATH = YES;
				SDKROOT = iphoneos;
				SWIFT_COMPILATION_MODE = wholemodule;
				SWIFT_OPTIMIZATION_LEVEL = "-O";
				VALIDATE_PRODUCT = YES;
			};
			name = Release;
		};
		BFE3556C293F565800B718D0 /* Debug */ = {
			isa = XCBuildConfiguration;
			buildSettings = {
				ASSETCATALOG_COMPILER_APPICON_NAME = AppIcon;
				ASSETCATALOG_COMPILER_GLOBAL_ACCENT_COLOR_NAME = AccentColor;
				CODE_SIGN_STYLE = Automatic;
				CURRENT_PROJECT_VERSION = 1;
				DEVELOPMENT_ASSET_PATHS = "\"GetYourCupCake/Preview Content\"";
				DEVELOPMENT_TEAM = ZPX77HW73H;
				ENABLE_PREVIEWS = YES;
				GENERATE_INFOPLIST_FILE = YES;
				INFOPLIST_KEY_UIApplicationSceneManifest_Generation = YES;
				INFOPLIST_KEY_UIApplicationSupportsIndirectInputEvents = YES;
				INFOPLIST_KEY_UILaunchScreen_Generation = YES;
				INFOPLIST_KEY_UISupportedInterfaceOrientations_iPad = "UIInterfaceOrientationPortrait UIInterfaceOrientationPortraitUpsideDown UIInterfaceOrientationLandscapeLeft UIInterfaceOrientationLandscapeRight";
				INFOPLIST_KEY_UISupportedInterfaceOrientations_iPhone = "UIInterfaceOrientationPortrait UIInterfaceOrientationLandscapeLeft UIInterfaceOrientationLandscapeRight";
				LD_RUNPATH_SEARCH_PATHS = (
					"$(inherited)",
					"@executable_path/Frameworks",
				);
				MARKETING_VERSION = 1.0;
				PRODUCT_BUNDLE_IDENTIFIER = com.beratcanbeduk.GetYourCupCake;
				PRODUCT_NAME = "$(TARGET_NAME)";
				SWIFT_EMIT_LOC_STRINGS = YES;
				SWIFT_VERSION = 5.0;
				TARGETED_DEVICE_FAMILY = "1,2";
			};
			name = Debug;
		};
		BFE3556D293F565800B718D0 /* Release */ = {
			isa = XCBuildConfiguration;
			buildSettings = {
				ASSETCATALOG_COMPILER_APPICON_NAME = AppIcon;
				ASSETCATALOG_COMPILER_GLOBAL_ACCENT_COLOR_NAME = AccentColor;
				CODE_SIGN_STYLE = Automatic;
				CURRENT_PROJECT_VERSION = 1;
				DEVELOPMENT_ASSET_PATHS = "\"GetYourCupCake/Preview Content\"";
				DEVELOPMENT_TEAM = ZPX77HW73H;
				ENABLE_PREVIEWS = YES;
				GENERATE_INFOPLIST_FILE = YES;
				INFOPLIST_KEY_UIApplicationSceneManifest_Generation = YES;
				INFOPLIST_KEY_UIApplicationSupportsIndirectInputEvents = YES;
				INFOPLIST_KEY_UILaunchScreen_Generation = YES;
				INFOPLIST_KEY_UISupportedInterfaceOrientations_iPad = "UIInterfaceOrientationPortrait UIInterfaceOrientationPortraitUpsideDown UIInterfaceOrientationLandscapeLeft UIInterfaceOrientationLandscapeRight";
				INFOPLIST_KEY_UISupportedInterfaceOrientations_iPhone = "UIInterfaceOrientationPortrait UIInterfaceOrientationLandscapeLeft UIInterfaceOrientationLandscapeRight";
				LD_RUNPATH_SEARCH_PATHS = (
					"$(inherited)",
					"@executable_path/Frameworks",
				);
				MARKETING_VERSION = 1.0;
				PRODUCT_BUNDLE_IDENTIFIER = com.beratcanbeduk.GetYourCupCake;
				PRODUCT_NAME = "$(TARGET_NAME)";
				SWIFT_EMIT_LOC_STRINGS = YES;
				SWIFT_VERSION = 5.0;
				TARGETED_DEVICE_FAMILY = "1,2";
			};
			name = Release;
		};
/* End XCBuildConfiguration section */

/* Begin XCConfigurationList section */
		BFE35553293F565600B718D0 /* Build configuration list for PBXProject "GetYourCupCake" */ = {
			isa = XCConfigurationList;
			buildConfigurations = (
				BFE35569293F565800B718D0 /* Debug */,
				BFE3556A293F565800B718D0 /* Release */,
			);
			defaultConfigurationIsVisible = 0;
			defaultConfigurationName = Release;
		};
		BFE3556B293F565800B718D0 /* Build configuration list for PBXNativeTarget "GetYourCupCake" */ = {
			isa = XCConfigurationList;
			buildConfigurations = (
				BFE3556C293F565800B718D0 /* Debug */,
				BFE3556D293F565800B718D0 /* Release */,
			);
			defaultConfigurationIsVisible = 0;
			defaultConfigurationName = Release;
		};
/* End XCConfigurationList section */

/* Begin XCVersionGroup section */
		BFE35566293F565800B718D0 /* GetYourCupCake.xcdatamodeld */ = {
			isa = XCVersionGroup;
			children = (
				BFE35567293F565800B718D0 /* GetYourCupCake.xcdatamodel */,
			);
			currentVersion = BFE35567293F565800B718D0 /* GetYourCupCake.xcdatamodel */;
			path = GetYourCupCake.xcdatamodeld;
			sourceTree = "<group>";
			versionGroupType = wrapper.xcdatamodel;
		};
/* End XCVersionGroup section */
	};
	rootObject = BFE35550293F565600B718D0 /* Project object */;
}
